{
    "_readme": [
        "This file locks the dependencies of your project to a known state",
        "Read more about it at https://getcomposer.org/doc/01-basic-usage.md#installing-dependencies",
        "This file is @generated automatically"
    ],
    "content-hash": "f14c656d56e1ff15c973becc3783e134",
    "packages": [
        {
            "name": "rossato/declarative-php",
            "version": "v0.3",
            "source": {
                "type": "git",
                "url": "https://github.com/GuilhermeRossato/declarative-php.git",
                "reference": "735002ebbfec02904e101e2dc68d027faa62a5f4"
            },
            "dist": {
                "type": "zip",
                "url": "https://api.github.com/repos/GuilhermeRossato/declarative-php/zipball/735002ebbfec02904e101e2dc68d027faa62a5f4",
                "reference": "735002ebbfec02904e101e2dc68d027faa62a5f4",
                "shasum": ""
            },
            "require": {
                "php": ">=5.3.0"
            },
            "type": "library",
            "autoload": {
                "psr-0": {
                    "Rossato": "src/"
                }
            },
            "notification-url": "https://packagist.org/downloads/",
            "license": [
                "MIT"
            ],
            "authors": [
                {
                    "name": "Guilherme Rossato",
                    "email": "guilhermrossato@gmail.com"
                }
            ],
            "description": "A micro-framework for building declarative and static web applications in PHP",
            "time": "2019-01-16T00:34:26+00:00"
        }
    ],
    "packages-dev": [],
    "aliases": [],
    "minimum-stability": "stable",
    "stability-flags": [],
    "prefer-stable": false,
    "prefer-lowest": false,
    "platform": [],
    "platform-dev": []
}
